
Microsoft Visual Studio Solution File, Format Version 12.00
# Visual Studio 15
Project("{FAE04EC0-301F-11D3-BF4B-00C04F79EFBC}") = "Assembly-CSharp", "Assembly-CSharp.csproj", "{993DC8EF-13AC-7E61-F0D6-406F7BD24301}"
EndProject
Project("{FAE04EC0-301F-11D3-BF4B-00C04F79EFBC}") = "Assembly-CSharp-firstpass", "Assembly-CSharp-firstpass.csproj", "{7192B31B-19BF-8FFD-4462-3B36C4729AB6}"
EndProject
Project("{FAE04EC0-301F-11D3-BF4B-00C04F79EFBC}") = "Assembly-CSharp-Editor", "Assembly-CSharp-Editor.csproj", "{FE07624F-852A-A0D3-C060-B86F7C067AC1}"
EndProject
Project("{FAE04EC0-301F-11D3-BF4B-00C04F79EFBC}") = "Assembly-CSharp", "Assembly-CSharp.Player.csproj", "{13A34023-4520-2E49-1CA4-90F39735A805}"
EndProject
Project("{FAE04EC0-301F-11D3-BF4B-00C04F79EFBC}") = "Assembly-CSharp-firstpass", "Assembly-CSharp-firstpass.Player.csproj", "{2C774E69-1976-B67A-9766-D17BC91E0415}"
EndProject
Global
	GlobalSection(SolutionConfigurationPlatforms) = preSolution
		Debug|Any CPU = Debug|Any CPU
		Release|Any CPU = Release|Any CPU
	EndGlobalSection
	GlobalSection(ProjectConfigurationPlatforms) = postSolution
		{993DC8EF-13AC-7E61-F0D6-406F7BD24301}.Debug|Any CPU.ActiveCfg = Debug|Any CPU
		{993DC8EF-13AC-7E61-F0D6-406F7BD24301}.Debug|Any CPU.Build.0 = Debug|Any CPU
		{993DC8EF-13AC-7E61-F0D6-406F7BD24301}.Release|Any CPU.ActiveCfg = Release|Any CPU
		{993DC8EF-13AC-7E61-F0D6-406F7BD24301}.Release|Any CPU.Build.0 = Release|Any CPU
		{7192B31B-19BF-8FFD-4462-3B36C4729AB6}.Debug|Any CPU.ActiveCfg = Debug|Any CPU
		{7192B31B-19BF-8FFD-4462-3B36C4729AB6}.Debug|Any CPU.Build.0 = Debug|Any CPU
		{7192B31B-19BF-8FFD-4462-3B36C4729AB6}.Release|Any CPU.ActiveCfg = Release|Any CPU
		{7192B31B-19BF-8FFD-4462-3B36C4729AB6}.Release|Any CPU.Build.0 = Release|Any CPU
		{FE07624F-852A-A0D3-C060-B86F7C067AC1}.Debug|Any CPU.ActiveCfg = Debug|Any CPU
		{FE07624F-852A-A0D3-C060-B86F7C067AC1}.Debug|Any CPU.Build.0 = Debug|Any CPU
		{FE07624F-852A-A0D3-C060-B86F7C067AC1}.Release|Any CPU.ActiveCfg = Release|Any CPU
		{FE07624F-852A-A0D3-C060-B86F7C067AC1}.Release|Any CPU.Build.0 = Release|Any CPU
		{13A34023-4520-2E49-1CA4-90F39735A805}.Debug|Any CPU.ActiveCfg = Debug|Any CPU
		{13A34023-4520-2E49-1CA4-90F39735A805}.Debug|Any CPU.Build.0 = Debug|Any CPU
		{13A34023-4520-2E49-1CA4-90F39735A805}.Release|Any CPU.ActiveCfg = Release|Any CPU
		{13A34023-4520-2E49-1CA4-90F39735A805}.Release|Any CPU.Build.0 = Release|Any CPU
		{2C774E69-1976-B67A-9766-D17BC91E0415}.Debug|Any CPU.ActiveCfg = Debug|Any CPU
		{2C774E69-1976-B67A-9766-D17BC91E0415}.Debug|Any CPU.Build.0 = Debug|Any CPU
		{2C774E69-1976-B67A-9766-D17BC91E0415}.Release|Any CPU.ActiveCfg = Release|Any CPU
		{2C774E69-1976-B67A-9766-D17BC91E0415}.Release|Any CPU.Build.0 = Release|Any CPU
	EndGlobalSection
	GlobalSection(SolutionProperties) = preSolution
		HideSolutionNode = FALSE
	EndGlobalSection
EndGlobal
